
Microsoft Visual Studio Solution File, Format Version 12.00
# Visual Studio 15
VisualStudioVersion = 15.0.27130.2020
MinimumVisualStudioVersion = 10.0.40219.1
Project("{2150E333-8FDC-42A3-9474-1A3956D46DE8}") = "Content", "Content", "{0F4B4CA8-9045-4104-A76D-70077E425240}"
	ProjectSection(SolutionItems) = preProject
		Content\Content\content.mgcb = Content\Content\content.mgcb
	EndProjectSection
EndProject
Project("{FAE04EC0-301F-11D3-BF4B-00C04F79EFBC}") = "Fluid", "Fluid\Fluid.csproj", "{2E5E3B33-8073-4A96-8FDB-21BCAC71D756}"
EndProject
Project("{FAE04EC0-301F-11D3-BF4B-00C04F79EFBC}") = "Escape", "Escape\Escape.csproj", "{576C862E-988C-4BA6-A54A-BCFFF31646F6}"
EndProject
Project("{FAE04EC0-301F-11D3-BF4B-00C04F79EFBC}") = "Traffic", "Traffic\Traffic.csproj", "{8B8E54D3-8816-48C7-82D2-B093DCAC1DA6}"
EndProject
Project("{FAE04EC0-301F-11D3-BF4B-00C04F79EFBC}") = "Engine", "Engine\Engine.csproj", "{83DAC1BD-581B-4081-BA1C-8ABB0192B57B}"
EndProject
Project("{2150E333-8FDC-42A3-9474-1A3956D46DE8}") = "Fluid", "Fluid", "{70055898-2B94-44E1-841A-9453832A682F}"
	ProjectSection(SolutionItems) = preProject
		Content\Content\Fluid\Boundaries.png = Content\Content\Fluid\Boundaries.png
		Content\Content\Fluid\brush.png = Content\Content\Fluid\brush.png
		Content\Content\Fluid\Data.fx = Content\Content\Fluid\Data.fx
		Content\Content\Fluid\Emitter.fx = Content\Content\Fluid\Emitter.fx
		Content\Content\Fluid\Gradient.png = Content\Content\Fluid\Gradient.png
		Content\Content\Fluid\Obstacles.fx = Content\Content\Fluid\Obstacles.fx
		Content\Content\Fluid\Render.fx = Content\Content\Fluid\Render.fx
		Content\Content\Fluid\Solver.fx = Content\Content\Fluid\Solver.fx
	EndProjectSection
EndProject
Project("{2150E333-8FDC-42A3-9474-1A3956D46DE8}") = "Fonts", "Fonts", "{73E7CD3F-5BB1-4669-AE7F-0A657F72DE06}"
	ProjectSection(SolutionItems) = preProject
		Content\Content\Fonts\Debug.spritefont = Content\Content\Fonts\Debug.spritefont
		Content\Content\Fonts\Segoe (Markers).spritefont = Content\Content\Fonts\Segoe (Markers).spritefont
		Content\Content\Fonts\Segoe (UI).spritefont = Content\Content\Fonts\Segoe (UI).spritefont
	EndProjectSection
EndProject
Project("{2150E333-8FDC-42A3-9474-1A3956D46DE8}") = "Images", "Images", "{7FF4009E-ABA2-4552-AB57-BF68F965FC14}"
EndProject
Project("{2150E333-8FDC-42A3-9474-1A3956D46DE8}") = "Road", "Road", "{BFD36BAC-94D2-4712-B12B-6F6CB191DA1A}"
	ProjectSection(SolutionItems) = preProject
		Content\Content\Images\Road\Acceleration.png = Content\Content\Images\Road\Acceleration.png
		Content\Content\Images\Road\Blinker.png = Content\Content\Images\Road\Blinker.png
		Content\Content\Images\Road\Brain.png = Content\Content\Images\Road\Brain.png
		Content\Content\Images\Road\Brake.png = Content\Content\Images\Road\Brake.png
		Content\Content\Images\Road\Car (Heavy).png = Content\Content\Images\Road\Car (Heavy).png
		Content\Content\Images\Road\Car (Light).png = Content\Content\Images\Road\Car (Light).png
		Content\Content\Images\Road\Car (Medium).png = Content\Content\Images\Road\Car (Medium).png
		Content\Content\Images\Road\Explosion.png = Content\Content\Images\Road\Explosion.png
		Content\Content\Images\Road\Flasher.png = Content\Content\Images\Road\Flasher.png
		Content\Content\Images\Road\Player.png = Content\Content\Images\Road\Player.png
		Content\Content\Images\Road\Police.png = Content\Content\Images\Road\Police.png
		Content\Content\Images\Road\Road.png = Content\Content\Images\Road\Road.png
	EndProjectSection
EndProject
Global
	GlobalSection(SolutionConfigurationPlatforms) = preSolution
		Android|Any CPU = Android|Any CPU
		Android|Mixed Platforms = Android|Mixed Platforms
		Android|x86 = Android|x86
		Debug|Any CPU = Debug|Any CPU
		Debug|Mixed Platforms = Debug|Mixed Platforms
		Debug|x86 = Debug|x86
		iOS|Any CPU = iOS|Any CPU
		iOS|Mixed Platforms = iOS|Mixed Platforms
		iOS|x86 = iOS|x86
		Linux|Any CPU = Linux|Any CPU
		Linux|Mixed Platforms = Linux|Mixed Platforms
		Linux|x86 = Linux|x86
		OSX|Any CPU = OSX|Any CPU
		OSX|Mixed Platforms = OSX|Mixed Platforms
		OSX|x86 = OSX|x86
		PSM|Any CPU = PSM|Any CPU
		PSM|Mixed Platforms = PSM|Mixed Platforms
		PSM|x86 = PSM|x86
		Release|Any CPU = Release|Any CPU
		Release|Mixed Platforms = Release|Mixed Platforms
		Release|x86 = Release|x86
		Windows|Any CPU = Windows|Any CPU
		Windows|Mixed Platforms = Windows|Mixed Platforms
		Windows|x86 = Windows|x86
		Windows8|Any CPU = Windows8|Any CPU
		Windows8|Mixed Platforms = Windows8|Mixed Platforms
		Windows8|x86 = Windows8|x86
	EndGlobalSection
	GlobalSection(ProjectConfigurationPlatforms) = postSolution
		{2E5E3B33-8073-4A96-8FDB-21BCAC71D756}.Android|Any CPU.ActiveCfg = Release|x86
		{2E5E3B33-8073-4A96-8FDB-21BCAC71D756}.Android|Mixed Platforms.ActiveCfg = Release|x86
		{2E5E3B33-8073-4A96-8FDB-21BCAC71D756}.Android|Mixed Platforms.Build.0 = Release|x86
		{2E5E3B33-8073-4A96-8FDB-21BCAC71D756}.Android|x86.ActiveCfg = Release|x86
		{2E5E3B33-8073-4A96-8FDB-21BCAC71D756}.Android|x86.Build.0 = Release|x86
		{2E5E3B33-8073-4A96-8FDB-21BCAC71D756}.Debug|Any CPU.ActiveCfg = Debug|x86
		{2E5E3B33-8073-4A96-8FDB-21BCAC71D756}.Debug|Mixed Platforms.ActiveCfg = Debug|x86
		{2E5E3B33-8073-4A96-8FDB-21BCAC71D756}.Debug|Mixed Platforms.Build.0 = Debug|x86
		{2E5E3B33-8073-4A96-8FDB-21BCAC71D756}.Debug|x86.ActiveCfg = Debug|x86
		{2E5E3B33-8073-4A96-8FDB-21BCAC71D756}.Debug|x86.Build.0 = Debug|x86
		{2E5E3B33-8073-4A96-8FDB-21BCAC71D756}.iOS|Any CPU.ActiveCfg = Release|x86
		{2E5E3B33-8073-4A96-8FDB-21BCAC71D756}.iOS|Mixed Platforms.ActiveCfg = Release|x86
		{2E5E3B33-8073-4A96-8FDB-21BCAC71D756}.iOS|Mixed Platforms.Build.0 = Release|x86
		{2E5E3B33-8073-4A96-8FDB-21BCAC71D756}.iOS|x86.ActiveCfg = Release|x86
		{2E5E3B33-8073-4A96-8FDB-21BCAC71D756}.iOS|x86.Build.0 = Release|x86
		{2E5E3B33-8073-4A96-8FDB-21BCAC71D756}.Linux|Any CPU.ActiveCfg = Release|x86
		{2E5E3B33-8073-4A96-8FDB-21BCAC71D756}.Linux|Mixed Platforms.ActiveCfg = Release|x86
		{2E5E3B33-8073-4A96-8FDB-21BCAC71D756}.Linux|Mixed Platforms.Build.0 = Release|x86
		{2E5E3B33-8073-4A96-8FDB-21BCAC71D756}.Linux|x86.ActiveCfg = Release|x86
		{2E5E3B33-8073-4A96-8FDB-21BCAC71D756}.Linux|x86.Build.0 = Release|x86
		{2E5E3B33-8073-4A96-8FDB-21BCAC71D756}.OSX|Any CPU.ActiveCfg = Release|x86
		{2E5E3B33-8073-4A96-8FDB-21BCAC71D756}.OSX|Mixed Platforms.ActiveCfg = Release|x86
		{2E5E3B33-8073-4A96-8FDB-21BCAC71D756}.OSX|Mixed Platforms.Build.0 = Release|x86
		{2E5E3B33-8073-4A96-8FDB-21BCAC71D756}.OSX|x86.ActiveCfg = Release|x86
		{2E5E3B33-8073-4A96-8FDB-21BCAC71D756}.OSX|x86.Build.0 = Release|x86
		{2E5E3B33-8073-4A96-8FDB-21BCAC71D756}.PSM|Any CPU.ActiveCfg = Release|x86
		{2E5E3B33-8073-4A96-8FDB-21BCAC71D756}.PSM|Mixed Platforms.ActiveCfg = Release|x86
		{2E5E3B33-8073-4A96-8FDB-21BCAC71D756}.PSM|Mixed Platforms.Build.0 = Release|x86
		{2E5E3B33-8073-4A96-8FDB-21BCAC71D756}.PSM|x86.ActiveCfg = Release|x86
		{2E5E3B33-8073-4A96-8FDB-21BCAC71D756}.PSM|x86.Build.0 = Release|x86
		{2E5E3B33-8073-4A96-8FDB-21BCAC71D756}.Release|Any CPU.ActiveCfg = Release|x86
		{2E5E3B33-8073-4A96-8FDB-21BCAC71D756}.Release|Mixed Platforms.ActiveCfg = Release|x86
		{2E5E3B33-8073-4A96-8FDB-21BCAC71D756}.Release|Mixed Platforms.Build.0 = Release|x86
		{2E5E3B33-8073-4A96-8FDB-21BCAC71D756}.Release|x86.ActiveCfg = Release|x86
		{2E5E3B33-8073-4A96-8FDB-21BCAC71D756}.Release|x86.Build.0 = Release|x86
		{2E5E3B33-8073-4A96-8FDB-21BCAC71D756}.Windows|Any CPU.ActiveCfg = Release|x86
		{2E5E3B33-8073-4A96-8FDB-21BCAC71D756}.Windows|Mixed Platforms.ActiveCfg = Release|x86
		{2E5E3B33-8073-4A96-8FDB-21BCAC71D756}.Windows|Mixed Platforms.Build.0 = Release|x86
		{2E5E3B33-8073-4A96-8FDB-21BCAC71D756}.Windows|x86.ActiveCfg = Release|x86
		{2E5E3B33-8073-4A96-8FDB-21BCAC71D756}.Windows|x86.Build.0 = Release|x86
		{2E5E3B33-8073-4A96-8FDB-21BCAC71D756}.Windows8|Any CPU.ActiveCfg = Release|x86
		{2E5E3B33-8073-4A96-8FDB-21BCAC71D756}.Windows8|Mixed Platforms.ActiveCfg = Release|x86
		{2E5E3B33-8073-4A96-8FDB-21BCAC71D756}.Windows8|Mixed Platforms.Build.0 = Release|x86
		{2E5E3B33-8073-4A96-8FDB-21BCAC71D756}.Windows8|x86.ActiveCfg = Release|x86
		{2E5E3B33-8073-4A96-8FDB-21BCAC71D756}.Windows8|x86.Build.0 = Release|x86
		{576C862E-988C-4BA6-A54A-BCFFF31646F6}.Android|Any CPU.ActiveCfg = Release|x86
		{576C862E-988C-4BA6-A54A-BCFFF31646F6}.Android|Mixed Platforms.ActiveCfg = Release|x86
		{576C862E-988C-4BA6-A54A-BCFFF31646F6}.Android|Mixed Platforms.Build.0 = Release|x86
		{576C862E-988C-4BA6-A54A-BCFFF31646F6}.Android|x86.ActiveCfg = Release|x86
		{576C862E-988C-4BA6-A54A-BCFFF31646F6}.Android|x86.Build.0 = Release|x86
		{576C862E-988C-4BA6-A54A-BCFFF31646F6}.Debug|Any CPU.ActiveCfg = Debug|x86
		{576C862E-988C-4BA6-A54A-BCFFF31646F6}.Debug|Mixed Platforms.ActiveCfg = Debug|x86
		{576C862E-988C-4BA6-A54A-BCFFF31646F6}.Debug|Mixed Platforms.Build.0 = Debug|x86
		{576C862E-988C-4BA6-A54A-BCFFF31646F6}.Debug|x86.ActiveCfg = Debug|x86
		{576C862E-988C-4BA6-A54A-BCFFF31646F6}.Debug|x86.Build.0 = Debug|x86
		{576C862E-988C-4BA6-A54A-BCFFF31646F6}.iOS|Any CPU.ActiveCfg = Release|x86
		{576C862E-988C-4BA6-A54A-BCFFF31646F6}.iOS|Mixed Platforms.ActiveCfg = Release|x86
		{576C862E-988C-4BA6-A54A-BCFFF31646F6}.iOS|Mixed Platforms.Build.0 = Release|x86
		{576C862E-988C-4BA6-A54A-BCFFF31646F6}.iOS|x86.ActiveCfg = Release|x86
		{576C862E-988C-4BA6-A54A-BCFFF31646F6}.iOS|x86.Build.0 = Release|x86
		{576C862E-988C-4BA6-A54A-BCFFF31646F6}.Linux|Any CPU.ActiveCfg = Release|x86
		{576C862E-988C-4BA6-A54A-BCFFF31646F6}.Linux|Mixed Platforms.ActiveCfg = Release|x86
		{576C862E-988C-4BA6-A54A-BCFFF31646F6}.Linux|Mixed Platforms.Build.0 = Release|x86
		{576C862E-988C-4BA6-A54A-BCFFF31646F6}.Linux|x86.ActiveCfg = Release|x86
		{576C862E-988C-4BA6-A54A-BCFFF31646F6}.Linux|x86.Build.0 = Release|x86
		{576C862E-988C-4BA6-A54A-BCFFF31646F6}.OSX|Any CPU.ActiveCfg = Release|x86
		{576C862E-988C-4BA6-A54A-BCFFF31646F6}.OSX|Mixed Platforms.ActiveCfg = Release|x86
		{576C862E-988C-4BA6-A54A-BCFFF31646F6}.OSX|Mixed Platforms.Build.0 = Release|x86
		{576C862E-988C-4BA6-A54A-BCFFF31646F6}.OSX|x86.ActiveCfg = Release|x86
		{576C862E-988C-4BA6-A54A-BCFFF31646F6}.OSX|x86.Build.0 = Release|x86
		{576C862E-988C-4BA6-A54A-BCFFF31646F6}.PSM|Any CPU.ActiveCfg = Release|x86
		{576C862E-988C-4BA6-A54A-BCFFF31646F6}.PSM|Mixed Platforms.ActiveCfg = Release|x86
		{576C862E-988C-4BA6-A54A-BCFFF31646F6}.PSM|Mixed Platforms.Build.0 = Release|x86
		{576C862E-988C-4BA6-A54A-BCFFF31646F6}.PSM|x86.ActiveCfg = Release|x86
		{576C862E-988C-4BA6-A54A-BCFFF31646F6}.PSM|x86.Build.0 = Release|x86
		{576C862E-988C-4BA6-A54A-BCFFF31646F6}.Release|Any CPU.ActiveCfg = Release|x86
		{576C862E-988C-4BA6-A54A-BCFFF31646F6}.Release|Mixed Platforms.ActiveCfg = Release|x86
		{576C862E-988C-4BA6-A54A-BCFFF31646F6}.Release|Mixed Platforms.Build.0 = Release|x86
		{576C862E-988C-4BA6-A54A-BCFFF31646F6}.Release|x86.ActiveCfg = Release|x86
		{576C862E-988C-4BA6-A54A-BCFFF31646F6}.Release|x86.Build.0 = Release|x86
		{576C862E-988C-4BA6-A54A-BCFFF31646F6}.Windows|Any CPU.ActiveCfg = Release|x86
		{576C862E-988C-4BA6-A54A-BCFFF31646F6}.Windows|Mixed Platforms.ActiveCfg = Release|x86
		{576C862E-988C-4BA6-A54A-BCFFF31646F6}.Windows|Mixed Platforms.Build.0 = Release|x86
		{576C862E-988C-4BA6-A54A-BCFFF31646F6}.Windows|x86.ActiveCfg = Release|x86
		{576C862E-988C-4BA6-A54A-BCFFF31646F6}.Windows|x86.Build.0 = Release|x86
		{576C862E-988C-4BA6-A54A-BCFFF31646F6}.Windows8|Any CPU.ActiveCfg = Release|x86
		{576C862E-988C-4BA6-A54A-BCFFF31646F6}.Windows8|Mixed Platforms.ActiveCfg = Release|x86
		{576C862E-988C-4BA6-A54A-BCFFF31646F6}.Windows8|Mixed Platforms.Build.0 = Release|x86
		{576C862E-988C-4BA6-A54A-BCFFF31646F6}.Windows8|x86.ActiveCfg = Release|x86
		{576C862E-988C-4BA6-A54A-BCFFF31646F6}.Windows8|x86.Build.0 = Release|x86
		{8B8E54D3-8816-48C7-82D2-B093DCAC1DA6}.Android|Any CPU.ActiveCfg = Release|x86
		{8B8E54D3-8816-48C7-82D2-B093DCAC1DA6}.Android|Mixed Platforms.ActiveCfg = Release|x86
		{8B8E54D3-8816-48C7-82D2-B093DCAC1DA6}.Android|Mixed Platforms.Build.0 = Release|x86
		{8B8E54D3-8816-48C7-82D2-B093DCAC1DA6}.Android|x86.ActiveCfg = Release|x86
		{8B8E54D3-8816-48C7-82D2-B093DCAC1DA6}.Android|x86.Build.0 = Release|x86
		{8B8E54D3-8816-48C7-82D2-B093DCAC1DA6}.Debug|Any CPU.ActiveCfg = Debug|x86
		{8B8E54D3-8816-48C7-82D2-B093DCAC1DA6}.Debug|Mixed Platforms.ActiveCfg = Debug|x86
		{8B8E54D3-8816-48C7-82D2-B093DCAC1DA6}.Debug|Mixed Platforms.Build.0 = Debug|x86
		{8B8E54D3-8816-48C7-82D2-B093DCAC1DA6}.Debug|x86.ActiveCfg = Debug|x86
		{8B8E54D3-8816-48C7-82D2-B093DCAC1DA6}.Debug|x86.Build.0 = Debug|x86
		{8B8E54D3-8816-48C7-82D2-B093DCAC1DA6}.iOS|Any CPU.ActiveCfg = Release|x86
		{8B8E54D3-8816-48C7-82D2-B093DCAC1DA6}.iOS|Mixed Platforms.ActiveCfg = Release|x86
		{8B8E54D3-8816-48C7-82D2-B093DCAC1DA6}.iOS|Mixed Platforms.Build.0 = Release|x86
		{8B8E54D3-8816-48C7-82D2-B093DCAC1DA6}.iOS|x86.ActiveCfg = Release|x86
		{8B8E54D3-8816-48C7-82D2-B093DCAC1DA6}.iOS|x86.Build.0 = Release|x86
		{8B8E54D3-8816-48C7-82D2-B093DCAC1DA6}.Linux|Any CPU.ActiveCfg = Release|x86
		{8B8E54D3-8816-48C7-82D2-B093DCAC1DA6}.Linux|Mixed Platforms.ActiveCfg = Release|x86
		{8B8E54D3-8816-48C7-82D2-B093DCAC1DA6}.Linux|Mixed Platforms.Build.0 = Release|x86
		{8B8E54D3-8816-48C7-82D2-B093DCAC1DA6}.Linux|x86.ActiveCfg = Release|x86
		{8B8E54D3-8816-48C7-82D2-B093DCAC1DA6}.Linux|x86.Build.0 = Release|x86
		{8B8E54D3-8816-48C7-82D2-B093DCAC1DA6}.OSX|Any CPU.ActiveCfg = Release|x86
		{8B8E54D3-8816-48C7-82D2-B093DCAC1DA6}.OSX|Mixed Platforms.ActiveCfg = Release|x86
		{8B8E54D3-8816-48C7-82D2-B093DCAC1DA6}.OSX|Mixed Platforms.Build.0 = Release|x86
		{8B8E54D3-8816-48C7-82D2-B093DCAC1DA6}.OSX|x86.ActiveCfg = Release|x86
		{8B8E54D3-8816-48C7-82D2-B093DCAC1DA6}.OSX|x86.Build.0 = Release|x86
		{8B8E54D3-8816-48C7-82D2-B093DCAC1DA6}.PSM|Any CPU.ActiveCfg = Release|x86
		{8B8E54D3-8816-48C7-82D2-B093DCAC1DA6}.PSM|Mixed Platforms.ActiveCfg = Release|x86
		{8B8E54D3-8816-48C7-82D2-B093DCAC1DA6}.PSM|Mixed Platforms.Build.0 = Release|x86
		{8B8E54D3-8816-48C7-82D2-B093DCAC1DA6}.PSM|x86.ActiveCfg = Release|x86
		{8B8E54D3-8816-48C7-82D2-B093DCAC1DA6}.PSM|x86.Build.0 = Release|x86
		{8B8E54D3-8816-48C7-82D2-B093DCAC1DA6}.Release|Any CPU.ActiveCfg = Release|x86
		{8B8E54D3-8816-48C7-82D2-B093DCAC1DA6}.Release|Mixed Platforms.ActiveCfg = Release|x86
		{8B8E54D3-8816-48C7-82D2-B093DCAC1DA6}.Release|Mixed Platforms.Build.0 = Release|x86
		{8B8E54D3-8816-48C7-82D2-B093DCAC1DA6}.Release|x86.ActiveCfg = Release|x86
		{8B8E54D3-8816-48C7-82D2-B093DCAC1DA6}.Release|x86.Build.0 = Release|x86
		{8B8E54D3-8816-48C7-82D2-B093DCAC1DA6}.Windows|Any CPU.ActiveCfg = Release|x86
		{8B8E54D3-8816-48C7-82D2-B093DCAC1DA6}.Windows|Mixed Platforms.ActiveCfg = Release|x86
		{8B8E54D3-8816-48C7-82D2-B093DCAC1DA6}.Windows|Mixed Platforms.Build.0 = Release|x86
		{8B8E54D3-8816-48C7-82D2-B093DCAC1DA6}.Windows|x86.ActiveCfg = Release|x86
		{8B8E54D3-8816-48C7-82D2-B093DCAC1DA6}.Windows|x86.Build.0 = Release|x86
		{8B8E54D3-8816-48C7-82D2-B093DCAC1DA6}.Windows8|Any CPU.ActiveCfg = Release|x86
		{8B8E54D3-8816-48C7-82D2-B093DCAC1DA6}.Windows8|Mixed Platforms.ActiveCfg = Release|x86
		{8B8E54D3-8816-48C7-82D2-B093DCAC1DA6}.Windows8|Mixed Platforms.Build.0 = Release|x86
		{8B8E54D3-8816-48C7-82D2-B093DCAC1DA6}.Windows8|x86.ActiveCfg = Release|x86
		{8B8E54D3-8816-48C7-82D2-B093DCAC1DA6}.Windows8|x86.Build.0 = Release|x86
		{83DAC1BD-581B-4081-BA1C-8ABB0192B57B}.Android|Any CPU.ActiveCfg = Release|x86
		{83DAC1BD-581B-4081-BA1C-8ABB0192B57B}.Android|Mixed Platforms.ActiveCfg = Release|x86
		{83DAC1BD-581B-4081-BA1C-8ABB0192B57B}.Android|Mixed Platforms.Build.0 = Release|x86
		{83DAC1BD-581B-4081-BA1C-8ABB0192B57B}.Android|x86.ActiveCfg = Release|x86
		{83DAC1BD-581B-4081-BA1C-8ABB0192B57B}.Android|x86.Build.0 = Release|x86
		{83DAC1BD-581B-4081-BA1C-8ABB0192B57B}.Debug|Any CPU.ActiveCfg = Debug|x86
		{83DAC1BD-581B-4081-BA1C-8ABB0192B57B}.Debug|Mixed Platforms.ActiveCfg = Debug|x86
		{83DAC1BD-581B-4081-BA1C-8ABB0192B57B}.Debug|Mixed Platforms.Build.0 = Debug|x86
		{83DAC1BD-581B-4081-BA1C-8ABB0192B57B}.Debug|x86.ActiveCfg = Debug|x86
		{83DAC1BD-581B-4081-BA1C-8ABB0192B57B}.Debug|x86.Build.0 = Debug|x86
		{83DAC1BD-581B-4081-BA1C-8ABB0192B57B}.iOS|Any CPU.ActiveCfg = Release|x86
		{83DAC1BD-581B-4081-BA1C-8ABB0192B57B}.iOS|Mixed Platforms.ActiveCfg = Release|x86
		{83DAC1BD-581B-4081-BA1C-8ABB0192B57B}.iOS|Mixed Platforms.Build.0 = Release|x86
		{83DAC1BD-581B-4081-BA1C-8ABB0192B57B}.iOS|x86.ActiveCfg = Release|x86
		{83DAC1BD-581B-4081-BA1C-8ABB0192B57B}.iOS|x86.Build.0 = Release|x86
		{83DAC1BD-581B-4081-BA1C-8ABB0192B57B}.Linux|Any CPU.ActiveCfg = Release|x86
		{83DAC1BD-581B-4081-BA1C-8ABB0192B57B}.Linux|Mixed Platforms.ActiveCfg = Release|x86
		{83DAC1BD-581B-4081-BA1C-8ABB0192B57B}.Linux|Mixed Platforms.Build.0 = Release|x86
		{83DAC1BD-581B-4081-BA1C-8ABB0192B57B}.Linux|x86.ActiveCfg = Release|x86
		{83DAC1BD-581B-4081-BA1C-8ABB0192B57B}.Linux|x86.Build.0 = Release|x86
		{83DAC1BD-581B-4081-BA1C-8ABB0192B57B}.OSX|Any CPU.ActiveCfg = Release|x86
		{83DAC1BD-581B-4081-BA1C-8ABB0192B57B}.OSX|Mixed Platforms.ActiveCfg = Release|x86
		{83DAC1BD-581B-4081-BA1C-8ABB0192B57B}.OSX|Mixed Platforms.Build.0 = Release|x86
		{83DAC1BD-581B-4081-BA1C-8ABB0192B57B}.OSX|x86.ActiveCfg = Release|x86
		{83DAC1BD-581B-4081-BA1C-8ABB0192B57B}.OSX|x86.Build.0 = Release|x86
		{83DAC1BD-581B-4081-BA1C-8ABB0192B57B}.PSM|Any CPU.ActiveCfg = Release|x86
		{83DAC1BD-581B-4081-BA1C-8ABB0192B57B}.PSM|Mixed Platforms.ActiveCfg = Release|x86
		{83DAC1BD-581B-4081-BA1C-8ABB0192B57B}.PSM|Mixed Platforms.Build.0 = Release|x86
		{83DAC1BD-581B-4081-BA1C-8ABB0192B57B}.PSM|x86.ActiveCfg = Release|x86
		{83DAC1BD-581B-4081-BA1C-8ABB0192B57B}.PSM|x86.Build.0 = Release|x86
		{83DAC1BD-581B-4081-BA1C-8ABB0192B57B}.Release|Any CPU.ActiveCfg = Release|x86
		{83DAC1BD-581B-4081-BA1C-8ABB0192B57B}.Release|Mixed Platforms.ActiveCfg = Release|x86
		{83DAC1BD-581B-4081-BA1C-8ABB0192B57B}.Release|Mixed Platforms.Build.0 = Release|x86
		{83DAC1BD-581B-4081-BA1C-8ABB0192B57B}.Release|x86.ActiveCfg = Release|x86
		{83DAC1BD-581B-4081-BA1C-8ABB0192B57B}.Release|x86.Build.0 = Release|x86
		{83DAC1BD-581B-4081-BA1C-8ABB0192B57B}.Windows|Any CPU.ActiveCfg = Release|x86
		{83DAC1BD-581B-4081-BA1C-8ABB0192B57B}.Windows|Mixed Platforms.ActiveCfg = Release|x86
		{83DAC1BD-581B-4081-BA1C-8ABB0192B57B}.Windows|Mixed Platforms.Build.0 = Release|x86
		{83DAC1BD-581B-4081-BA1C-8ABB0192B57B}.Windows|x86.ActiveCfg = Release|x86
		{83DAC1BD-581B-4081-BA1C-8ABB0192B57B}.Windows|x86.Build.0 = Release|x86
		{83DAC1BD-581B-4081-BA1C-8ABB0192B57B}.Windows8|Any CPU.ActiveCfg = Release|x86
		{83DAC1BD-581B-4081-BA1C-8ABB0192B57B}.Windows8|Mixed Platforms.ActiveCfg = Release|x86
		{83DAC1BD-581B-4081-BA1C-8ABB0192B57B}.Windows8|Mixed Platforms.Build.0 = Release|x86
		{83DAC1BD-581B-4081-BA1C-8ABB0192B57B}.Windows8|x86.ActiveCfg = Release|x86
		{83DAC1BD-581B-4081-BA1C-8ABB0192B57B}.Windows8|x86.Build.0 = Release|x86
	EndGlobalSection
	GlobalSection(SolutionProperties) = preSolution
		HideSolutionNode = FALSE
	EndGlobalSection
	GlobalSection(NestedProjects) = preSolution
		{70055898-2B94-44E1-841A-9453832A682F} = {0F4B4CA8-9045-4104-A76D-70077E425240}
		{73E7CD3F-5BB1-4669-AE7F-0A657F72DE06} = {0F4B4CA8-9045-4104-A76D-70077E425240}
		{7FF4009E-ABA2-4552-AB57-BF68F965FC14} = {0F4B4CA8-9045-4104-A76D-70077E425240}
		{BFD36BAC-94D2-4712-B12B-6F6CB191DA1A} = {7FF4009E-ABA2-4552-AB57-BF68F965FC14}
	EndGlobalSection
	GlobalSection(ExtensibilityGlobals) = postSolution
		SolutionGuid = {A9FC1B04-AEEB-4798-98BD-897971B587A3}
	EndGlobalSection
EndGlobal
