
Microsoft Visual Studio Solution File, Format Version 12.00
# Visual Studio 2012
Project("{FAE04EC0-301F-11D3-BF4B-00C04F79EFBC}") = "Traffic", "Traffic\Traffic.csproj", "{8B8E54D3-8816-48C7-82D2-B093DCAC1DA6}"
EndProject
Project("{FAE04EC0-301F-11D3-BF4B-00C04F79EFBC}") = "Application", "Application\Application.csproj", "{0D68DB64-C74C-4C8D-BAFA-0D125FD1BC40}"
EndProject
Project("{FAE04EC0-301F-11D3-BF4B-00C04F79EFBC}") = "Tools", "Tools\Tools.csproj", "{9E4FF996-10DA-47C7-8008-1A4392F32EA5}"
EndProject
Project("{FAE04EC0-301F-11D3-BF4B-00C04F79EFBC}") = "Content", "Content\Content.contentproj", "{9375FCEA-8A25-43FE-90B6-253C2A07A9AA}"
EndProject
Project("{FAE04EC0-301F-11D3-BF4B-00C04F79EFBC}") = "Content (Adapter)", "Content (Adapter)\Content (Adapter).csproj", "{910F3EEB-ED49-43F5-8872-357DAF4B0EF0}"
EndProject
Global
	GlobalSection(SolutionConfigurationPlatforms) = preSolution
		Debug|Any CPU = Debug|Any CPU
		Debug|Mixed Platforms = Debug|Mixed Platforms
		Debug|Windows Phone = Debug|Windows Phone
		Debug|x86 = Debug|x86
		Release|Any CPU = Release|Any CPU
		Release|Mixed Platforms = Release|Mixed Platforms
		Release|Windows Phone = Release|Windows Phone
		Release|x86 = Release|x86
	EndGlobalSection
	GlobalSection(ProjectConfigurationPlatforms) = postSolution
		{8B8E54D3-8816-48C7-82D2-B093DCAC1DA6}.Debug|Any CPU.ActiveCfg = Debug|Any CPU
		{8B8E54D3-8816-48C7-82D2-B093DCAC1DA6}.Debug|Any CPU.Build.0 = Debug|Any CPU
		{8B8E54D3-8816-48C7-82D2-B093DCAC1DA6}.Debug|Mixed Platforms.ActiveCfg = Debug|Any CPU
		{8B8E54D3-8816-48C7-82D2-B093DCAC1DA6}.Debug|Mixed Platforms.Build.0 = Debug|Any CPU
		{8B8E54D3-8816-48C7-82D2-B093DCAC1DA6}.Debug|Windows Phone.ActiveCfg = Debug|Any CPU
		{8B8E54D3-8816-48C7-82D2-B093DCAC1DA6}.Debug|x86.ActiveCfg = Debug|Any CPU
		{8B8E54D3-8816-48C7-82D2-B093DCAC1DA6}.Release|Any CPU.ActiveCfg = Release|Any CPU
		{8B8E54D3-8816-48C7-82D2-B093DCAC1DA6}.Release|Any CPU.Build.0 = Release|Any CPU
		{8B8E54D3-8816-48C7-82D2-B093DCAC1DA6}.Release|Mixed Platforms.ActiveCfg = Release|Any CPU
		{8B8E54D3-8816-48C7-82D2-B093DCAC1DA6}.Release|Mixed Platforms.Build.0 = Release|Any CPU
		{8B8E54D3-8816-48C7-82D2-B093DCAC1DA6}.Release|Windows Phone.ActiveCfg = Release|Any CPU
		{8B8E54D3-8816-48C7-82D2-B093DCAC1DA6}.Release|x86.ActiveCfg = Release|Any CPU
		{0D68DB64-C74C-4C8D-BAFA-0D125FD1BC40}.Debug|Any CPU.ActiveCfg = Debug|x86
		{0D68DB64-C74C-4C8D-BAFA-0D125FD1BC40}.Debug|Mixed Platforms.ActiveCfg = Debug|x86
		{0D68DB64-C74C-4C8D-BAFA-0D125FD1BC40}.Debug|Mixed Platforms.Build.0 = Debug|x86
		{0D68DB64-C74C-4C8D-BAFA-0D125FD1BC40}.Debug|Windows Phone.ActiveCfg = Debug|x86
		{0D68DB64-C74C-4C8D-BAFA-0D125FD1BC40}.Debug|x86.ActiveCfg = Debug|x86
		{0D68DB64-C74C-4C8D-BAFA-0D125FD1BC40}.Debug|x86.Build.0 = Debug|x86
		{0D68DB64-C74C-4C8D-BAFA-0D125FD1BC40}.Release|Any CPU.ActiveCfg = Release|x86
		{0D68DB64-C74C-4C8D-BAFA-0D125FD1BC40}.Release|Mixed Platforms.ActiveCfg = Release|x86
		{0D68DB64-C74C-4C8D-BAFA-0D125FD1BC40}.Release|Mixed Platforms.Build.0 = Release|x86
		{0D68DB64-C74C-4C8D-BAFA-0D125FD1BC40}.Release|Windows Phone.ActiveCfg = Release|x86
		{0D68DB64-C74C-4C8D-BAFA-0D125FD1BC40}.Release|x86.ActiveCfg = Release|x86
		{0D68DB64-C74C-4C8D-BAFA-0D125FD1BC40}.Release|x86.Build.0 = Release|x86
		{9E4FF996-10DA-47C7-8008-1A4392F32EA5}.Debug|Any CPU.ActiveCfg = Debug|Any CPU
		{9E4FF996-10DA-47C7-8008-1A4392F32EA5}.Debug|Any CPU.Build.0 = Debug|Any CPU
		{9E4FF996-10DA-47C7-8008-1A4392F32EA5}.Debug|Mixed Platforms.ActiveCfg = Debug|Any CPU
		{9E4FF996-10DA-47C7-8008-1A4392F32EA5}.Debug|Mixed Platforms.Build.0 = Debug|Any CPU
		{9E4FF996-10DA-47C7-8008-1A4392F32EA5}.Debug|Windows Phone.ActiveCfg = Debug|Any CPU
		{9E4FF996-10DA-47C7-8008-1A4392F32EA5}.Debug|x86.ActiveCfg = Debug|Any CPU
		{9E4FF996-10DA-47C7-8008-1A4392F32EA5}.Release|Any CPU.ActiveCfg = Release|Any CPU
		{9E4FF996-10DA-47C7-8008-1A4392F32EA5}.Release|Any CPU.Build.0 = Release|Any CPU
		{9E4FF996-10DA-47C7-8008-1A4392F32EA5}.Release|Mixed Platforms.ActiveCfg = Release|Any CPU
		{9E4FF996-10DA-47C7-8008-1A4392F32EA5}.Release|Mixed Platforms.Build.0 = Release|Any CPU
		{9E4FF996-10DA-47C7-8008-1A4392F32EA5}.Release|Windows Phone.ActiveCfg = Release|Any CPU
		{9E4FF996-10DA-47C7-8008-1A4392F32EA5}.Release|x86.ActiveCfg = Release|Any CPU
		{9375FCEA-8A25-43FE-90B6-253C2A07A9AA}.Debug|Any CPU.ActiveCfg = Debug|Any CPU
		{9375FCEA-8A25-43FE-90B6-253C2A07A9AA}.Debug|Mixed Platforms.ActiveCfg = Debug|Any CPU
		{9375FCEA-8A25-43FE-90B6-253C2A07A9AA}.Debug|Windows Phone.ActiveCfg = Debug|Any CPU
		{9375FCEA-8A25-43FE-90B6-253C2A07A9AA}.Debug|x86.ActiveCfg = Debug|Any CPU
		{9375FCEA-8A25-43FE-90B6-253C2A07A9AA}.Release|Any CPU.ActiveCfg = Debug|Any CPU
		{9375FCEA-8A25-43FE-90B6-253C2A07A9AA}.Release|Mixed Platforms.ActiveCfg = Debug|Any CPU
		{9375FCEA-8A25-43FE-90B6-253C2A07A9AA}.Release|Windows Phone.ActiveCfg = Debug|Any CPU
		{9375FCEA-8A25-43FE-90B6-253C2A07A9AA}.Release|x86.ActiveCfg = Debug|Any CPU
		{910F3EEB-ED49-43F5-8872-357DAF4B0EF0}.Debug|Any CPU.ActiveCfg = Debug|Windows Phone
		{910F3EEB-ED49-43F5-8872-357DAF4B0EF0}.Debug|Mixed Platforms.ActiveCfg = Debug|Windows Phone
		{910F3EEB-ED49-43F5-8872-357DAF4B0EF0}.Debug|Mixed Platforms.Build.0 = Debug|Windows Phone
		{910F3EEB-ED49-43F5-8872-357DAF4B0EF0}.Debug|Windows Phone.ActiveCfg = Debug|Windows Phone
		{910F3EEB-ED49-43F5-8872-357DAF4B0EF0}.Debug|Windows Phone.Build.0 = Debug|Windows Phone
		{910F3EEB-ED49-43F5-8872-357DAF4B0EF0}.Debug|x86.ActiveCfg = Debug|Windows Phone
		{910F3EEB-ED49-43F5-8872-357DAF4B0EF0}.Release|Any CPU.ActiveCfg = Release|Windows Phone
		{910F3EEB-ED49-43F5-8872-357DAF4B0EF0}.Release|Mixed Platforms.ActiveCfg = Release|Windows Phone
		{910F3EEB-ED49-43F5-8872-357DAF4B0EF0}.Release|Mixed Platforms.Build.0 = Release|Windows Phone
		{910F3EEB-ED49-43F5-8872-357DAF4B0EF0}.Release|Windows Phone.ActiveCfg = Release|Windows Phone
		{910F3EEB-ED49-43F5-8872-357DAF4B0EF0}.Release|Windows Phone.Build.0 = Release|Windows Phone
		{910F3EEB-ED49-43F5-8872-357DAF4B0EF0}.Release|x86.ActiveCfg = Release|Windows Phone
	EndGlobalSection
	GlobalSection(SolutionProperties) = preSolution
		HideSolutionNode = FALSE
	EndGlobalSection
EndGlobal
